
Microsoft Visual Studio Solution File, Format Version 12.00
# Visual Studio Version 16
VisualStudioVersion = 16.0.31025.194
MinimumVisualStudioVersion = 10.0.40219.1
Project("{9A19103F-16F7-4668-BE54-9A1E7A4F7556}") = "DemoCnam", "DemoCnam\DemoCnam.csproj", "{BFB4C4D5-8AD6-4F66-B716-B213D278D7FC}"
EndProject
Project("{9A19103F-16F7-4668-BE54-9A1E7A4F7556}") = "projet2", "projet2\projet2.csproj", "{A0488334-9D7B-43BB-B077-A004EA830724}"
EndProject
Project("{FAE04EC0-301F-11D3-BF4B-00C04F79EFBC}") = "projet3(classes)", "projet3(classes)\projet3(classes).csproj", "{4AD9CB5B-676C-476B-B9B0-284E206CF824}"
EndProject
Global
	GlobalSection(SolutionConfigurationPlatforms) = preSolution
		Debug|Any CPU = Debug|Any CPU
		Release|Any CPU = Release|Any CPU
	EndGlobalSection
	GlobalSection(ProjectConfigurationPlatforms) = postSolution
		{BFB4C4D5-8AD6-4F66-B716-B213D278D7FC}.Debug|Any CPU.ActiveCfg = Debug|Any CPU
		{BFB4C4D5-8AD6-4F66-B716-B213D278D7FC}.Debug|Any CPU.Build.0 = Debug|Any CPU
		{BFB4C4D5-8AD6-4F66-B716-B213D278D7FC}.Release|Any CPU.ActiveCfg = Release|Any CPU
		{BFB4C4D5-8AD6-4F66-B716-B213D278D7FC}.Release|Any CPU.Build.0 = Release|Any CPU
		{A0488334-9D7B-43BB-B077-A004EA830724}.Debug|Any CPU.ActiveCfg = Debug|Any CPU
		{A0488334-9D7B-43BB-B077-A004EA830724}.Debug|Any CPU.Build.0 = Debug|Any CPU
		{A0488334-9D7B-43BB-B077-A004EA830724}.Release|Any CPU.ActiveCfg = Release|Any CPU
		{A0488334-9D7B-43BB-B077-A004EA830724}.Release|Any CPU.Build.0 = Release|Any CPU
		{4AD9CB5B-676C-476B-B9B0-284E206CF824}.Debug|Any CPU.ActiveCfg = Debug|Any CPU
		{4AD9CB5B-676C-476B-B9B0-284E206CF824}.Debug|Any CPU.Build.0 = Debug|Any CPU
		{4AD9CB5B-676C-476B-B9B0-284E206CF824}.Release|Any CPU.ActiveCfg = Release|Any CPU
		{4AD9CB5B-676C-476B-B9B0-284E206CF824}.Release|Any CPU.Build.0 = Release|Any CPU
	EndGlobalSection
	GlobalSection(SolutionProperties) = preSolution
		HideSolutionNode = FALSE
	EndGlobalSection
	GlobalSection(ExtensibilityGlobals) = postSolution
		SolutionGuid = {C2700043-EC68-43DE-BD4E-39D56442759A}
	EndGlobalSection
EndGlobal
